
Microsoft Visual Studio Solution File, Format Version 12.00
# Visual Studio Version 16
VisualStudioVersion = 16.0.31105.61
MinimumVisualStudioVersion = 10.0.40219.1
Project("{FAE04EC0-301F-11D3-BF4B-00C04F79EFBC}") = "TicTacToe", "TicTacToe\TicTacToe.csproj", "{CE2EE138-8105-40EA-AEB5-97C1F042EBB0}"
EndProject
Project("{2150E333-8FDC-42A3-9474-1A3956D46DE8}") = "Solution Items", "Solution Items", "{1573F118-1552-4B26-9CB0-7318629DA4BB}"
	ProjectSection(SolutionItems) = preProject
		.editorconfig = .editorconfig
	EndProjectSection
EndProject
Project("{FAE04EC0-301F-11D3-BF4B-00C04F79EFBC}") = "Grid", "Grid\Grid.csproj", "{A26AB4AE-3B12-45DE-B4A2-D1F823CF1990}"
EndProject
Project("{FAE04EC0-301F-11D3-BF4B-00C04F79EFBC}") = "UI", "UI\UI.csproj", "{3CD2C043-3EE3-46DA-BA9C-B00121EF9036}"
EndProject
Project("{FAE04EC0-301F-11D3-BF4B-00C04F79EFBC}") = "GameLogic", "GameLogic\GameLogic.csproj", "{31FCA1F8-72F1-42B4-B783-41947CBA6D5B}"
EndProject
Global
	GlobalSection(SolutionConfigurationPlatforms) = preSolution
		Debug|Any CPU = Debug|Any CPU
		Release|Any CPU = Release|Any CPU
	EndGlobalSection
	GlobalSection(ProjectConfigurationPlatforms) = postSolution
		{CE2EE138-8105-40EA-AEB5-97C1F042EBB0}.Debug|Any CPU.ActiveCfg = Debug|Any CPU
		{CE2EE138-8105-40EA-AEB5-97C1F042EBB0}.Debug|Any CPU.Build.0 = Debug|Any CPU
		{CE2EE138-8105-40EA-AEB5-97C1F042EBB0}.Release|Any CPU.ActiveCfg = Release|Any CPU
		{CE2EE138-8105-40EA-AEB5-97C1F042EBB0}.Release|Any CPU.Build.0 = Release|Any CPU
		{A26AB4AE-3B12-45DE-B4A2-D1F823CF1990}.Debug|Any CPU.ActiveCfg = Debug|Any CPU
		{A26AB4AE-3B12-45DE-B4A2-D1F823CF1990}.Debug|Any CPU.Build.0 = Debug|Any CPU
		{A26AB4AE-3B12-45DE-B4A2-D1F823CF1990}.Release|Any CPU.ActiveCfg = Release|Any CPU
		{A26AB4AE-3B12-45DE-B4A2-D1F823CF1990}.Release|Any CPU.Build.0 = Release|Any CPU
		{3CD2C043-3EE3-46DA-BA9C-B00121EF9036}.Debug|Any CPU.ActiveCfg = Debug|Any CPU
		{3CD2C043-3EE3-46DA-BA9C-B00121EF9036}.Debug|Any CPU.Build.0 = Debug|Any CPU
		{3CD2C043-3EE3-46DA-BA9C-B00121EF9036}.Release|Any CPU.ActiveCfg = Release|Any CPU
		{3CD2C043-3EE3-46DA-BA9C-B00121EF9036}.Release|Any CPU.Build.0 = Release|Any CPU
		{31FCA1F8-72F1-42B4-B783-41947CBA6D5B}.Debug|Any CPU.ActiveCfg = Debug|Any CPU
		{31FCA1F8-72F1-42B4-B783-41947CBA6D5B}.Debug|Any CPU.Build.0 = Debug|Any CPU
		{31FCA1F8-72F1-42B4-B783-41947CBA6D5B}.Release|Any CPU.ActiveCfg = Release|Any CPU
		{31FCA1F8-72F1-42B4-B783-41947CBA6D5B}.Release|Any CPU.Build.0 = Release|Any CPU
	EndGlobalSection
	GlobalSection(SolutionProperties) = preSolution
		HideSolutionNode = FALSE
	EndGlobalSection
	GlobalSection(ExtensibilityGlobals) = postSolution
		SolutionGuid = {AE8D631D-7CD0-4717-B343-8BBCC4605C9A}
	EndGlobalSection
EndGlobal
